// !$*UTF8*$!
{
	archiveVersion = 1;
	classes = {
	};
	objectVersion = 48;
	objects = {

/* Begin PBXBuildFile section */
		78138A702000E6C30046D92A /* AppDelegate.swift in Sources */ = {isa = PBXBuildFile; fileRef = 78138A6F2000E6C30046D92A /* AppDelegate.swift */; };
		78138A722000E6C30046D92A /* HomeViewController.swift in Sources */ = {isa = PBXBuildFile; fileRef = 78138A712000E6C30046D92A /* HomeViewController.swift */; };
		78138A752000E6C30046D92A /* Main.storyboard in Resources */ = {isa = PBXBuildFile; fileRef = 78138A732000E6C30046D92A /* Main.storyboard */; };
		78138A772000E6C30046D92A /* Assets.xcassets in Resources */ = {isa = PBXBuildFile; fileRef = 78138A762000E6C30046D92A /* Assets.xcassets */; };
		78138A7A2000E6C30046D92A /* LaunchScreen.storyboard in Resources */ = {isa = PBXBuildFile; fileRef = 78138A782000E6C30046D92A /* LaunchScreen.storyboard */; };
		78138A822000EC250046D92A /* ARViewController.swift in Sources */ = {isa = PBXBuildFile; fileRef = 78138A812000EC250046D92A /* ARViewController.swift */; };
/* End PBXBuildFile section */

/* Begin PBXFileReference section */
		78138A6C2000E6C30046D92A /* MapsWithAR.app */ = {isa = PBXFileReference; explicitFileType = wrapper.application; includeInIndex = 0; path = MapsWithAR.app; sourceTree = BUILT_PRODUCTS_DIR; };
		78138A6F2000E6C30046D92A /* AppDelegate.swift */ = {isa = PBXFileReference; lastKnownFileType = sourcecode.swift; path = AppDelegate.swift; sourceTree = "<group>"; };
		78138A712000E6C30046D92A /* HomeViewController.swift */ = {isa = PBXFileReference; lastKnownFileType = sourcecode.swift; path = HomeViewController.swift; sourceTree = "<group>"; };
		78138A742000E6C30046D92A /* Base */ = {isa = PBXFileReference; lastKnownFileType = file.storyboard; name = Base; path = Base.lproj/Main.storyboard; sourceTree = "<group>"; };
		78138A762000E6C30046D92A /* Assets.xcassets */ = {isa = PBXFileReference; lastKnownFileType = folder.assetcatalog; path = Assets.xcassets; sourceTree = "<group>"; };
		78138A792000E6C30046D92A /* Base */ = {isa = PBXFileReference; lastKnownFileType = file.storyboard; name = Base; path = Base.lproj/LaunchScreen.storyboard; sourceTree = "<group>"; };
		78138A7B2000E6C30046D92A /* Info.plist */ = {isa = PBXFileReference; lastKnownFileType = text.plist.xml; path = Info.plist; sourceTree = "<group>"; };
		78138A812000EC250046D92A /* ARViewController.swift */ = {isa = PBXFileReference; lastKnownFileType = sourcecode.swift; path = ARViewController.swift; sourceTree = "<group>"; };
/* End PBXFileReference section */

/* Begin PBXFrameworksBuildPhase section */
		78138A692000E6C30046D92A /* Frameworks */ = {
			isa = PBXFrameworksBuildPhase;
			buildActionMask = 2147483647;
			files = (
			);
			runOnlyForDeploymentPostprocessing = 0;
		};
/* End PBXFrameworksBuildPhase section */

/* Begin PBXGroup section */
		78138A632000E6C30046D92A = {
			isa = PBXGroup;
			children = (
				78138A6E2000E6C30046D92A /* MapsWithAR */,
				78138A6D2000E6C30046D92A /* Products */,
			);
			sourceTree = "<group>";
		};
		78138A6D2000E6C30046D92A /* Products */ = {
			isa = PBXGroup;
			children = (
				78138A6C2000E6C30046D92A /* MapsWithAR.app */,
			);
			name = Products;
			sourceTree = "<group>";
		};
		78138A6E2000E6C30046D92A /* MapsWithAR */ = {
			isa = PBXGroup;
			children = (
				78138A6F2000E6C30046D92A /* AppDelegate.swift */,
				78138A712000E6C30046D92A /* HomeViewController.swift */,
				78138A812000EC250046D92A /* ARViewController.swift */,
				78138A732000E6C30046D92A /* Main.storyboard */,
				78138A762000E6C30046D92A /* Assets.xcassets */,
				78138A782000E6C30046D92A /* LaunchScreen.storyboard */,
				78138A7B2000E6C30046D92A /* Info.plist */,
			);
			path = MapsWithAR;
			sourceTree = "<group>";
		};
/* End PBXGroup section */

/* Begin PBXNativeTarget section */
		78138A6B2000E6C30046D92A /* MapsWithAR */ = {
			isa = PBXNativeTarget;
			buildConfigurationList = 78138A7E2000E6C30046D92A /* Build configuration list for PBXNativeTarget "MapsWithAR" */;
			buildPhases = (
				78138A682000E6C30046D92A /* Sources */,
				78138A692000E6C30046D92A /* Frameworks */,
				78138A6A2000E6C30046D92A /* Resources */,
			);
			buildRules = (
			);
			dependencies = (
			);
			name = MapsWithAR;
			productName = MapsWithAR;
			productReference = 78138A6C2000E6C30046D92A /* MapsWithAR.app */;
			productType = "com.apple.product-type.application";
		};
/* End PBXNativeTarget section */

/* Begin PBXProject section */
		78138A642000E6C30046D92A /* Project object */ = {
			isa = PBXProject;
			attributes = {
				LastSwiftUpdateCheck = 0920;
				LastUpgradeCheck = 0920;
				ORGANIZATIONNAME = "Tushar's";
				TargetAttributes = {
					78138A6B2000E6C30046D92A = {
						CreatedOnToolsVersion = 9.2;
						ProvisioningStyle = Automatic;
					};
				};
			};
			buildConfigurationList = 78138A672000E6C30046D92A /* Build configuration list for PBXProject "MapsWithAR" */;
			compatibilityVersion = "Xcode 8.0";
			developmentRegion = en;
			hasScannedForEncodings = 0;
			knownRegions = (
				en,
				Base,
			);
			mainGroup = 78138A632000E6C30046D92A;
			productRefGroup = 78138A6D2000E6C30046D92A /* Products */;
			projectDirPath = "";
			projectRoot = "";
			targets = (
				78138A6B2000E6C30046D92A /* MapsWithAR */,
			);
		};
/* End PBXProject section */

/* Begin PBXResourcesBuildPhase section */
		78138A6A2000E6C30046D92A /* Resources */ = {
			isa = PBXResourcesBuildPhase;
			buildActionMask = 2147483647;
			files = (
				78138A7A2000E6C30046D92A /* LaunchScreen.storyboard in Resources */,
				78138A772000E6C30046D92A /* Assets.xcassets in Resources */,
				78138A752000E6C30046D92A /* Main.storyboard in Resources */,
			);
			runOnlyForDeploymentPostprocessing = 0;
		};
/* End PBXResourcesBuildPhase section */

/* Begin PBXSourcesBuildPhase section */
		78138A682000E6C30046D92A /* Sources */ = {
			isa = PBXSourcesBuildPhase;
			buildActionMask = 2147483647;
			files = (
				78138A822000EC250046D92A /* ARViewController.swift in Sources */,
				78138A722000E6C30046D92A /* HomeViewController.swift in Sources */,
				78138A702000E6C30046D92A /* AppDelegate.swift in Sources */,
			);
			runOnlyForDeploymentPostprocessing = 0;
		};
/* End PBXSourcesBuildPhase section */

/* Begin PBXVariantGroup section */
		78138A732000E6C30046D92A /* Main.storyboard */ = {
			isa = PBXVariantGroup;
			children = (
				78138A742000E6C30046D92A /* Base */,
			);
			name = Main.storyboard;
			sourceTree = "<group>";
		};
		78138A782000E6C30046D92A /* LaunchScreen.storyboard */ = {
			isa = PBXVariantGroup;
			children = (
				78138A792000E6C30046D92A /* Base */,
			);
			name = LaunchScreen.storyboard;
			sourceTree = "<group>";
		};
/* End PBXVariantGroup section */

/* Begin XCBuildConfiguration section */
		78138A7C2000E6C30046D92A /* Debug */ = {
			isa = XCBuildConfiguration;
			buildSettings = {
				ALWAYS_SEARCH_USER_PATHS = NO;
				CLANG_ANALYZER_NONNULL = YES;
				CLANG_ANALYZER_NUMBER_OBJECT_CONVERSION = YES_AGGRESSIVE;
				CLANG_CXX_LANGUAGE_STANDARD = "gnu++14";
				CLANG_CXX_LIBRARY = "libc++";
				CLANG_ENABLE_MODULES = YES;
				CLANG_ENABLE_OBJC_ARC = YES;
				CLANG_WARN_BLOCK_CAPTURE_AUTORELEASING = YES;
				CLANG_WARN_BOOL_CONVERSION = YES;
				CLANG_WARN_COMMA = YES;
				CLANG_WARN_CONSTANT_CONVERSION = YES;
				CLANG_WARN_DIRECT_OBJC_ISA_USAGE = YES_ERROR;
				CLANG_WARN_DOCUMENTATION_COMMENTS = YES;
				CLANG_WARN_EMPTY_BODY = YES;
				CLANG_WARN_ENUM_CONVERSION = YES;
				CLANG_WARN_INFINITE_RECURSION = YES;
				CLANG_WARN_INT_CONVERSION = YES;
				CLANG_WARN_NON_LITERAL_NULL_CONVERSION = YES;
				CLANG_WARN_OBJC_LITERAL_CONVERSION = YES;
				CLANG_WARN_OBJC_ROOT_CLASS = YES_ERROR;
				CLANG_WARN_RANGE_LOOP_ANALYSIS = YES;
				CLANG_WARN_STRICT_PROTOTYPES = YES;
				CLANG_WARN_SUSPICIOUS_MOVE = YES;
				CLANG_WARN_UNGUARDED_AVAILABILITY = YES_AGGRESSIVE;
				CLANG_WARN_UNREACHABLE_CODE = YES;
				CLANG_WARN__DUPLICATE_METHOD_MATCH = YES;
				CODE_SIGN_IDENTITY = "iPhone Developer";
				COPY_PHASE_STRIP = NO;
				DEBUG_INFORMATION_FORMAT = dwarf;
				ENABLE_STRICT_OBJC_MSGSEND = YES;
				ENABLE_TESTABILITY = YES;
				GCC_C_LANGUAGE_STANDARD = gnu11;
				GCC_DYNAMIC_NO_PIC = NO;
				GCC_NO_COMMON_BLOCKS = YES;
				GCC_OPTIMIZATION_LEVEL = 0;
				GCC_PREPROCESSOR_DEFINITIONS = (
					"DEBUG=1",
					"$(inherited)",
				);
				GCC_WARN_64_TO_32_BIT_CONVERSION = YES;
				GCC_WARN_ABOUT_RETURN_TYPE = YES_ERROR;
				GCC_WARN_UNDECLARED_SELECTOR = YES;
				GCC_WARN_UNINITIALIZED_AUTOS = YES_AGGRESSIVE;
				GCC_WARN_UNUSED_FUNCTION = YES;
				GCC_WARN_UNUSED_VARIABLE = YES;
				IPHONEOS_DEPLOYMENT_TARGET = 11.2;
				MTL_ENABLE_DEBUG_INFO = YES;
				ONLY_ACTIVE_ARCH = YES;
				SDKROOT = iphoneos;
				SWIFT_ACTIVE_COMPILATION_CONDITIONS = DEBUG;
				SWIFT_OPTIMIZATION_LEVEL = "-Onone";
			};
			name = Debug;
		};
		78138A7D2000E6C30046D92A /* Release */ = {
			isa = XCBuildConfiguration;
			buildSettings = {
				ALWAYS_SEARCH_USER_PATHS = NO;
				CLANG_ANALYZER_NONNULL = YES;
				CLANG_ANALYZER_NUMBER_OBJECT_CONVERSION = YES_AGGRESSIVE;
				CLANG_CXX_LANGUAGE_STANDARD = "gnu++14";
				CLANG_CXX_LIBRARY = "libc++";
				CLANG_ENABLE_MODULES = YES;
				CLANG_ENABLE_OBJC_ARC = YES;
				CLANG_WARN_BLOCK_CAPTURE_AUTORELEASING = YES;
				CLANG_WARN_BOOL_CONVERSION = YES;
				CLANG_WARN_COMMA = YES;
				CLANG_WARN_CONSTANT_CONVERSION = YES;
				CLANG_WARN_DIRECT_OBJC_ISA_USAGE = YES_ERROR;
				CLANG_WARN_DOCUMENTATION_COMMENTS = YES;
				CLANG_WARN_EMPTY_BODY = YES;
				CLANG_WARN_ENUM_CONVERSION = YES;
				CLANG_WARN_INFINITE_RECURSION = YES;
				CLANG_WARN_INT_CONVERSION = YES;
				CLANG_WARN_NON_LITERAL_NULL_CONVERSION = YES;
				CLANG_WARN_OBJC_LITERAL_CONVERSION = YES;
				CLANG_WARN_OBJC_ROOT_CLASS = YES_ERROR;
				CLANG_WARN_RANGE_LOOP_ANALYSIS = YES;
				CLANG_WARN_STRICT_PROTOTYPES = YES;
				CLANG_WARN_SUSPICIOUS_MOVE = YES;
				CLANG_WARN_UNGUARDED_AVAILABILITY = YES_AGGRESSIVE;
				CLANG_WARN_UNREACHABLE_CODE = YES;
				CLANG_WARN__DUPLICATE_METHOD_MATCH = YES;
				CODE_SIGN_IDENTITY = "iPhone Developer";
				COPY_PHASE_STRIP = NO;
				DEBUG_INFORMATION_FORMAT = "dwarf-with-dsym";
				ENABLE_NS_ASSERTIONS = NO;
				ENABLE_STRICT_OBJC_MSGSEND = YES;
				GCC_C_LANGUAGE_STANDARD = gnu11;
				GCC_NO_COMMON_BLOCKS = YES;
				GCC_WARN_64_TO_32_BIT_CONVERSION = YES;
				GCC_WARN_ABOUT_RETURN_TYPE = YES_ERROR;
				GCC_WARN_UNDECLARED_SELECTOR = YES;
				GCC_WARN_UNINITIALIZED_AUTOS = YES_AGGRESSIVE;
				GCC_WARN_UNUSED_FUNCTION = YES;
				GCC_WARN_UNUSED_VARIABLE = YES;
				IPHONEOS_DEPLOYMENT_TARGET = 11.2;
				MTL_ENABLE_DEBUG_INFO = NO;
				SDKROOT = iphoneos;
				SWIFT_OPTIMIZATION_LEVEL = "-Owholemodule";
				VALIDATE_PRODUCT = YES;
			};
			name = Release;
		};
		78138A7F2000E6C30046D92A /* Debug */ = {
			isa = XCBuildConfiguration;
			buildSettings = {
				ASSETCATALOG_COMPILER_APPICON_NAME = AppIcon;
				CODE_SIGN_STYLE = Automatic;
				DEVELOPMENT_TEAM = 3553G4H8G3;
				INFOPLIST_FILE = MapsWithAR/Info.plist;
				IPHONEOS_DEPLOYMENT_TARGET = 11.0;
				LD_RUNPATH_SEARCH_PATHS = "$(inherited) @executable_path/Frameworks";
				PRODUCT_BUNDLE_IDENTIFIER = com.tushars.MapsWithAR;
				PRODUCT_NAME = "$(TARGET_NAME)";
				SWIFT_VERSION = 4.0;
				TARGETED_DEVICE_FAMILY = "1,2";
			};
			name = Debug;
		};
		78138A802000E6C30046D92A /* Release */ = {
			isa = XCBuildConfiguration;
			buildSettings = {
				ASSETCATALOG_COMPILER_APPICON_NAME = AppIcon;
				CODE_SIGN_STYLE = Automatic;
				DEVELOPMENT_TEAM = 3553G4H8G3;
				INFOPLIST_FILE = MapsWithAR/Info.plist;
				IPHONEOS_DEPLOYMENT_TARGET = 11.0;
				LD_RUNPATH_SEARCH_PATHS = "$(inherited) @executable_path/Frameworks";
				PRODUCT_BUNDLE_IDENTIFIER = com.tushars.MapsWithAR;
				PRODUCT_NAME = "$(TARGET_NAME)";
				SWIFT_VERSION = 4.0;
				TARGETED_DEVICE_FAMILY = "1,2";
			};
			name = Release;
		};
/* End XCBuildConfiguration section */

/* Begin XCConfigurationList section */
		78138A672000E6C30046D92A /* Build configuration list for PBXProject "MapsWithAR" */ = {
			isa = XCConfigurationList;
			buildConfigurations = (
				78138A7C2000E6C30046D92A /* Debug */,
				78138A7D2000E6C30046D92A /* Release */,
			);
			defaultConfigurationIsVisible = 0;
			defaultConfigurationName = Release;
		};
		78138A7E2000E6C30046D92A /* Build configuration list for PBXNativeTarget "MapsWithAR" */ = {
			isa = XCConfigurationList;
			buildConfigurations = (
				78138A7F2000E6C30046D92A /* Debug */,
				78138A802000E6C30046D92A /* Release */,
			);
			defaultConfigurationIsVisible = 0;
			defaultConfigurationName = Release;
		};
/* End XCConfigurationList section */
	};
	rootObject = 78138A642000E6C30046D92A /* Project object */;
}
